
Microsoft Visual Studio Solution File, Format Version 12.00
# Visual Studio Version 16
VisualStudioVersion = 25.0.1700.4
MinimumVisualStudioVersion = 10.0.40219.1
Project("{FAE04EC0-301F-11D3-BF4B-00C04F79EFBC}") = "CardFez.iOS", "CardFez.iOS.csproj", "{84769179-8022-4D9B-8438-E603A1DD73C7}"
EndProject
Global
	GlobalSection(SolutionConfigurationPlatforms) = preSolution
		Debug|iPhoneSimulator = Debug|iPhoneSimulator
		Debug|iPhone = Debug|iPhone
		Release|iPhone = Release|iPhone
	EndGlobalSection
	GlobalSection(ProjectConfigurationPlatforms) = postSolution
		{84769179-8022-4D9B-8438-E603A1DD73C7}.Debug|iPhoneSimulator.ActiveCfg = Debug|iPhoneSimulator
		{84769179-8022-4D9B-8438-E603A1DD73C7}.Debug|iPhoneSimulator.Build.0 = Debug|iPhoneSimulator
		{84769179-8022-4D9B-8438-E603A1DD73C7}.Debug|iPhone.ActiveCfg = Debug|iPhone
		{84769179-8022-4D9B-8438-E603A1DD73C7}.Debug|iPhone.Build.0 = Debug|iPhone
		{84769179-8022-4D9B-8438-E603A1DD73C7}.Release|iPhone.ActiveCfg = Release|iPhone
		{84769179-8022-4D9B-8438-E603A1DD73C7}.Release|iPhone.Build.0 = Release|iPhone
	EndGlobalSection
	GlobalSection(SolutionProperties) = preSolution
		HideSolutionNode = FALSE
	EndGlobalSection
	GlobalSection(ExtensibilityGlobals) = postSolution
		SolutionGuid = {24450BC5-82AB-431A-9C78-E21242CF2D5B}
	EndGlobalSection
EndGlobal
